
Microsoft Visual Studio Solution File, Format Version 12.00
# Visual Studio 2013
VisualStudioVersion = 12.0.21005.1
MinimumVisualStudioVersion = 10.0.40219.1
Project("{FAE04EC0-301F-11D3-BF4B-00C04F79EFBC}") = "Const", "Const\Const.csproj", "{BB4C49E2-BD7C-4556-91C4-D3575433A8DB}"
EndProject
Project("{2150E333-8FDC-42A3-9474-1A3956D46DE8}") = "Infrastructure", "Infrastructure", "{D84BC3EC-4C34-4B0F-AA7C-4F51D7E68A54}"
EndProject
Project("{FAE04EC0-301F-11D3-BF4B-00C04F79EFBC}") = "Utility", "Utility\Utility.csproj", "{1DFD5C01-71C0-41D9-82E4-CABA22331835}"
EndProject
Project("{FAE04EC0-301F-11D3-BF4B-00C04F79EFBC}") = "Utility.MSTRIntegration", "Utility.MSTRIntegration\Utility.MSTRIntegration.csproj", "{587EC4FC-FD50-43FC-BD28-DF5330C07341}"
EndProject
Project("{FAE04EC0-301F-11D3-BF4B-00C04F79EFBC}") = "Utility.MSTRIntegration.WcfService", "Utility.MSTRIntegration.WcfService\Utility.MSTRIntegration.WcfService.csproj", "{120619C6-9B27-4C84-8190-71B900814D68}"
EndProject
Project("{FAE04EC0-301F-11D3-BF4B-00C04F79EFBC}") = "Utility.MapAnalysis", "Utility.MapAnalysis\Utility.MapAnalysis.csproj", "{5550C3F7-0A36-4275-BAFA-2BEDD60ABFF6}"
EndProject
Project("{FAE04EC0-301F-11D3-BF4B-00C04F79EFBC}") = "Utility.Web", "Utility.Web\Utility.Web.csproj", "{10E7906A-A5FF-4E9A-A820-854D5582DC21}"
EndProject
Project("{FAE04EC0-301F-11D3-BF4B-00C04F79EFBC}") = "Utility.MobileDeviceManagement", "Utility.MobileDeviceManagement\Utility.MobileDeviceManagement.csproj", "{16715678-1C9E-40AB-93D1-05B1C94D96ED}"
EndProject
Project("{FAE04EC0-301F-11D3-BF4B-00C04F79EFBC}") = "Utility.MobileDeviceManagement.WcfService", "Utility.MobileDeviceManagement.WcfService\Utility.MobileDeviceManagement.WcfService.csproj", "{6C239081-6B3C-494F-8F85-FF540818D1D7}"
EndProject
Project("{FAE04EC0-301F-11D3-BF4B-00C04F79EFBC}") = "Utility.Message", "Utility.Message\Utility.Message.csproj", "{365C2765-3BC4-462D-96C3-6C175E0CCB16}"
EndProject
Project("{FAE04EC0-301F-11D3-BF4B-00C04F79EFBC}") = "Utility.MessagePushService", "Utility.MessagePushService\Utility.MessagePushService.csproj", "{405890C4-DABC-4383-B51C-80EBD38A31B0}"
EndProject
Project("{FAE04EC0-301F-11D3-BF4B-00C04F79EFBC}") = "Utility.Message.WCFService", "Utility.Message.WCFService\Utility.Message.WCFService.csproj", "{61CE36FF-812A-4380-BD99-83BD754FF2BF}"
EndProject
Project("{FAE04EC0-301F-11D3-BF4B-00C04F79EFBC}") = "Utility.MessageHandleService", "Utility.MessageHandleService\Utility.MessageHandleService.csproj", "{1D0F5D52-38CE-4F4D-A868-1BA026FEB01B}"
EndProject
Project("{FAE04EC0-301F-11D3-BF4B-00C04F79EFBC}") = "Utility.ForSQLServer", "Utility.ForSQLServer\Utility.ForSQLServer.csproj", "{6161ABA8-882C-4D6C-A481-B65A50BE50A5}"
EndProject
Project("{2150E333-8FDC-42A3-9474-1A3956D46DE8}") = "AppVersionMgr", "AppVersionMgr", "{63360C57-B00F-4201-96C9-DBFFC5EC323E}"
EndProject
Project("{FAE04EC0-301F-11D3-BF4B-00C04F79EFBC}") = "Utility.AppVersion.BLL", "Utility.AppVersion.BLL\Utility.AppVersion.BLL.csproj", "{80CB0A6F-2587-4DD8-9249-99366FD1D78D}"
EndProject
Project("{FAE04EC0-301F-11D3-BF4B-00C04F79EFBC}") = "Utility.AppVersion.DataAccess", "Utility.AppVersion.DataAccess\Utility.AppVersion.DataAccess.csproj", "{DDF710F9-D33A-4990-AF3A-0016FC3A4463}"
EndProject
Project("{FAE04EC0-301F-11D3-BF4B-00C04F79EFBC}") = "Utility.AppVersion.Entity", "Utility.AppVersion.Entity\Utility.AppVersion.Entity.csproj", "{CDDF67F7-E407-4F73-A723-F5AC32C6C60E}"
EndProject
Project("{FAE04EC0-301F-11D3-BF4B-00C04F79EFBC}") = "Utility.AppVersion.Framework", "Utility.AppVersion.Framework\Utility.AppVersion.Framework.csproj", "{1D70DD28-DD09-4948-A9E5-6E38BE80E4E2}"
EndProject
Project("{FAE04EC0-301F-11D3-BF4B-00C04F79EFBC}") = "Utility.AppVersion.Service", "Utility.AppVersion.Service\Utility.AppVersion.Service.csproj", "{2C978C8A-B3C6-45B5-B298-58D3513978E3}"
EndProject
Project("{FAE04EC0-301F-11D3-BF4B-00C04F79EFBC}") = "Utility.Sync.WCFService", "Utility.Sync.WCFService\Utility.Sync.WCFService.csproj", "{3B0BB78E-FA20-4277-B511-CB9BB1305E5C}"
EndProject
Project("{FAE04EC0-301F-11D3-BF4B-00C04F79EFBC}") = "Utility.CometManagement", "Utility.CometManagement\Utility.CometManagement.csproj", "{77E29B4F-36DF-4821-8F69-9A64033836EF}"
EndProject
Global
	GlobalSection(SolutionConfigurationPlatforms) = preSolution
		Debug|Any CPU = Debug|Any CPU
		Debug|Mixed Platforms = Debug|Mixed Platforms
		Debug|x86 = Debug|x86
		Release|Any CPU = Release|Any CPU
		Release|Mixed Platforms = Release|Mixed Platforms
		Release|x86 = Release|x86
		WillieLocal|Any CPU = WillieLocal|Any CPU
		WillieLocal|Mixed Platforms = WillieLocal|Mixed Platforms
		WillieLocal|x86 = WillieLocal|x86
	EndGlobalSection
	GlobalSection(ProjectConfigurationPlatforms) = postSolution
		{BB4C49E2-BD7C-4556-91C4-D3575433A8DB}.Debug|Any CPU.ActiveCfg = Debug|Any CPU
		{BB4C49E2-BD7C-4556-91C4-D3575433A8DB}.Debug|Any CPU.Build.0 = Debug|Any CPU
		{BB4C49E2-BD7C-4556-91C4-D3575433A8DB}.Debug|Mixed Platforms.ActiveCfg = Debug|Any CPU
		{BB4C49E2-BD7C-4556-91C4-D3575433A8DB}.Debug|Mixed Platforms.Build.0 = Debug|Any CPU
		{BB4C49E2-BD7C-4556-91C4-D3575433A8DB}.Debug|x86.ActiveCfg = Debug|Any CPU
		{BB4C49E2-BD7C-4556-91C4-D3575433A8DB}.Release|Any CPU.ActiveCfg = Release|Any CPU
		{BB4C49E2-BD7C-4556-91C4-D3575433A8DB}.Release|Any CPU.Build.0 = Release|Any CPU
		{BB4C49E2-BD7C-4556-91C4-D3575433A8DB}.Release|Mixed Platforms.ActiveCfg = Release|Any CPU
		{BB4C49E2-BD7C-4556-91C4-D3575433A8DB}.Release|Mixed Platforms.Build.0 = Release|Any CPU
		{BB4C49E2-BD7C-4556-91C4-D3575433A8DB}.Release|x86.ActiveCfg = Release|Any CPU
		{BB4C49E2-BD7C-4556-91C4-D3575433A8DB}.WillieLocal|Any CPU.ActiveCfg = Release|Any CPU
		{BB4C49E2-BD7C-4556-91C4-D3575433A8DB}.WillieLocal|Any CPU.Build.0 = Release|Any CPU
		{BB4C49E2-BD7C-4556-91C4-D3575433A8DB}.WillieLocal|Mixed Platforms.ActiveCfg = Release|Any CPU
		{BB4C49E2-BD7C-4556-91C4-D3575433A8DB}.WillieLocal|Mixed Platforms.Build.0 = Release|Any CPU
		{BB4C49E2-BD7C-4556-91C4-D3575433A8DB}.WillieLocal|x86.ActiveCfg = Release|Any CPU
		{1DFD5C01-71C0-41D9-82E4-CABA22331835}.Debug|Any CPU.ActiveCfg = Debug|Any CPU
		{1DFD5C01-71C0-41D9-82E4-CABA22331835}.Debug|Any CPU.Build.0 = Debug|Any CPU
		{1DFD5C01-71C0-41D9-82E4-CABA22331835}.Debug|Mixed Platforms.ActiveCfg = Debug|Any CPU
		{1DFD5C01-71C0-41D9-82E4-CABA22331835}.Debug|Mixed Platforms.Build.0 = Debug|Any CPU
		{1DFD5C01-71C0-41D9-82E4-CABA22331835}.Debug|x86.ActiveCfg = Debug|Any CPU
		{1DFD5C01-71C0-41D9-82E4-CABA22331835}.Release|Any CPU.ActiveCfg = Release|Any CPU
		{1DFD5C01-71C0-41D9-82E4-CABA22331835}.Release|Any CPU.Build.0 = Release|Any CPU
		{1DFD5C01-71C0-41D9-82E4-CABA22331835}.Release|Mixed Platforms.ActiveCfg = Release|Any CPU
		{1DFD5C01-71C0-41D9-82E4-CABA22331835}.Release|Mixed Platforms.Build.0 = Release|Any CPU
		{1DFD5C01-71C0-41D9-82E4-CABA22331835}.Release|x86.ActiveCfg = Release|Any CPU
		{1DFD5C01-71C0-41D9-82E4-CABA22331835}.WillieLocal|Any CPU.ActiveCfg = Release|Any CPU
		{1DFD5C01-71C0-41D9-82E4-CABA22331835}.WillieLocal|Any CPU.Build.0 = Release|Any CPU
		{1DFD5C01-71C0-41D9-82E4-CABA22331835}.WillieLocal|Mixed Platforms.ActiveCfg = Release|Any CPU
		{1DFD5C01-71C0-41D9-82E4-CABA22331835}.WillieLocal|Mixed Platforms.Build.0 = Release|Any CPU
		{1DFD5C01-71C0-41D9-82E4-CABA22331835}.WillieLocal|x86.ActiveCfg = Release|Any CPU
		{587EC4FC-FD50-43FC-BD28-DF5330C07341}.Debug|Any CPU.ActiveCfg = Debug|Any CPU
		{587EC4FC-FD50-43FC-BD28-DF5330C07341}.Debug|Any CPU.Build.0 = Debug|Any CPU
		{587EC4FC-FD50-43FC-BD28-DF5330C07341}.Debug|Mixed Platforms.ActiveCfg = Debug|Any CPU
		{587EC4FC-FD50-43FC-BD28-DF5330C07341}.Debug|Mixed Platforms.Build.0 = Debug|Any CPU
		{587EC4FC-FD50-43FC-BD28-DF5330C07341}.Debug|x86.ActiveCfg = Debug|Any CPU
		{587EC4FC-FD50-43FC-BD28-DF5330C07341}.Release|Any CPU.ActiveCfg = Release|Any CPU
		{587EC4FC-FD50-43FC-BD28-DF5330C07341}.Release|Any CPU.Build.0 = Release|Any CPU
		{587EC4FC-FD50-43FC-BD28-DF5330C07341}.Release|Mixed Platforms.ActiveCfg = Release|Any CPU
		{587EC4FC-FD50-43FC-BD28-DF5330C07341}.Release|Mixed Platforms.Build.0 = Release|Any CPU
		{587EC4FC-FD50-43FC-BD28-DF5330C07341}.Release|x86.ActiveCfg = Release|Any CPU
		{587EC4FC-FD50-43FC-BD28-DF5330C07341}.WillieLocal|Any CPU.ActiveCfg = Release|Any CPU
		{587EC4FC-FD50-43FC-BD28-DF5330C07341}.WillieLocal|Any CPU.Build.0 = Release|Any CPU
		{587EC4FC-FD50-43FC-BD28-DF5330C07341}.WillieLocal|Mixed Platforms.ActiveCfg = Release|Any CPU
		{587EC4FC-FD50-43FC-BD28-DF5330C07341}.WillieLocal|Mixed Platforms.Build.0 = Release|Any CPU
		{587EC4FC-FD50-43FC-BD28-DF5330C07341}.WillieLocal|x86.ActiveCfg = Release|Any CPU
		{120619C6-9B27-4C84-8190-71B900814D68}.Debug|Any CPU.ActiveCfg = Debug|Any CPU
		{120619C6-9B27-4C84-8190-71B900814D68}.Debug|Any CPU.Build.0 = Debug|Any CPU
		{120619C6-9B27-4C84-8190-71B900814D68}.Debug|Mixed Platforms.ActiveCfg = Debug|Any CPU
		{120619C6-9B27-4C84-8190-71B900814D68}.Debug|Mixed Platforms.Build.0 = Debug|Any CPU
		{120619C6-9B27-4C84-8190-71B900814D68}.Debug|x86.ActiveCfg = Debug|Any CPU
		{120619C6-9B27-4C84-8190-71B900814D68}.Release|Any CPU.ActiveCfg = Release|Any CPU
		{120619C6-9B27-4C84-8190-71B900814D68}.Release|Any CPU.Build.0 = Release|Any CPU
		{120619C6-9B27-4C84-8190-71B900814D68}.Release|Mixed Platforms.ActiveCfg = Release|Any CPU
		{120619C6-9B27-4C84-8190-71B900814D68}.Release|Mixed Platforms.Build.0 = Release|Any CPU
		{120619C6-9B27-4C84-8190-71B900814D68}.Release|x86.ActiveCfg = Release|Any CPU
		{120619C6-9B27-4C84-8190-71B900814D68}.WillieLocal|Any CPU.ActiveCfg = Release|Any CPU
		{120619C6-9B27-4C84-8190-71B900814D68}.WillieLocal|Any CPU.Build.0 = Release|Any CPU
		{120619C6-9B27-4C84-8190-71B900814D68}.WillieLocal|Mixed Platforms.ActiveCfg = Release|Any CPU
		{120619C6-9B27-4C84-8190-71B900814D68}.WillieLocal|Mixed Platforms.Build.0 = Release|Any CPU
		{120619C6-9B27-4C84-8190-71B900814D68}.WillieLocal|x86.ActiveCfg = Release|Any CPU
		{5550C3F7-0A36-4275-BAFA-2BEDD60ABFF6}.Debug|Any CPU.ActiveCfg = Debug|Any CPU
		{5550C3F7-0A36-4275-BAFA-2BEDD60ABFF6}.Debug|Any CPU.Build.0 = Debug|Any CPU
		{5550C3F7-0A36-4275-BAFA-2BEDD60ABFF6}.Debug|Mixed Platforms.ActiveCfg = Debug|Any CPU
		{5550C3F7-0A36-4275-BAFA-2BEDD60ABFF6}.Debug|Mixed Platforms.Build.0 = Debug|Any CPU
		{5550C3F7-0A36-4275-BAFA-2BEDD60ABFF6}.Debug|x86.ActiveCfg = Debug|Any CPU
		{5550C3F7-0A36-4275-BAFA-2BEDD60ABFF6}.Release|Any CPU.ActiveCfg = Release|Any CPU
		{5550C3F7-0A36-4275-BAFA-2BEDD60ABFF6}.Release|Any CPU.Build.0 = Release|Any CPU
		{5550C3F7-0A36-4275-BAFA-2BEDD60ABFF6}.Release|Mixed Platforms.ActiveCfg = Release|Any CPU
		{5550C3F7-0A36-4275-BAFA-2BEDD60ABFF6}.Release|Mixed Platforms.Build.0 = Release|Any CPU
		{5550C3F7-0A36-4275-BAFA-2BEDD60ABFF6}.Release|x86.ActiveCfg = Release|Any CPU
		{5550C3F7-0A36-4275-BAFA-2BEDD60ABFF6}.WillieLocal|Any CPU.ActiveCfg = Release|Any CPU
		{5550C3F7-0A36-4275-BAFA-2BEDD60ABFF6}.WillieLocal|Any CPU.Build.0 = Release|Any CPU
		{5550C3F7-0A36-4275-BAFA-2BEDD60ABFF6}.WillieLocal|Mixed Platforms.ActiveCfg = Release|Any CPU
		{5550C3F7-0A36-4275-BAFA-2BEDD60ABFF6}.WillieLocal|Mixed Platforms.Build.0 = Release|Any CPU
		{5550C3F7-0A36-4275-BAFA-2BEDD60ABFF6}.WillieLocal|x86.ActiveCfg = Release|Any CPU
		{10E7906A-A5FF-4E9A-A820-854D5582DC21}.Debug|Any CPU.ActiveCfg = Debug|Any CPU
		{10E7906A-A5FF-4E9A-A820-854D5582DC21}.Debug|Any CPU.Build.0 = Debug|Any CPU
		{10E7906A-A5FF-4E9A-A820-854D5582DC21}.Debug|Mixed Platforms.ActiveCfg = Debug|Any CPU
		{10E7906A-A5FF-4E9A-A820-854D5582DC21}.Debug|Mixed Platforms.Build.0 = Debug|Any CPU
		{10E7906A-A5FF-4E9A-A820-854D5582DC21}.Debug|x86.ActiveCfg = Debug|Any CPU
		{10E7906A-A5FF-4E9A-A820-854D5582DC21}.Release|Any CPU.ActiveCfg = Release|Any CPU
		{10E7906A-A5FF-4E9A-A820-854D5582DC21}.Release|Any CPU.Build.0 = Release|Any CPU
		{10E7906A-A5FF-4E9A-A820-854D5582DC21}.Release|Mixed Platforms.ActiveCfg = Release|Any CPU
		{10E7906A-A5FF-4E9A-A820-854D5582DC21}.Release|Mixed Platforms.Build.0 = Release|Any CPU
		{10E7906A-A5FF-4E9A-A820-854D5582DC21}.Release|x86.ActiveCfg = Release|Any CPU
		{10E7906A-A5FF-4E9A-A820-854D5582DC21}.WillieLocal|Any CPU.ActiveCfg = Release|Any CPU
		{10E7906A-A5FF-4E9A-A820-854D5582DC21}.WillieLocal|Any CPU.Build.0 = Release|Any CPU
		{10E7906A-A5FF-4E9A-A820-854D5582DC21}.WillieLocal|Mixed Platforms.ActiveCfg = Release|Any CPU
		{10E7906A-A5FF-4E9A-A820-854D5582DC21}.WillieLocal|Mixed Platforms.Build.0 = Release|Any CPU
		{10E7906A-A5FF-4E9A-A820-854D5582DC21}.WillieLocal|x86.ActiveCfg = Release|Any CPU
		{16715678-1C9E-40AB-93D1-05B1C94D96ED}.Debug|Any CPU.ActiveCfg = Debug|Any CPU
		{16715678-1C9E-40AB-93D1-05B1C94D96ED}.Debug|Any CPU.Build.0 = Debug|Any CPU
		{16715678-1C9E-40AB-93D1-05B1C94D96ED}.Debug|Mixed Platforms.ActiveCfg = Debug|Any CPU
		{16715678-1C9E-40AB-93D1-05B1C94D96ED}.Debug|Mixed Platforms.Build.0 = Debug|Any CPU
		{16715678-1C9E-40AB-93D1-05B1C94D96ED}.Debug|x86.ActiveCfg = Debug|Any CPU
		{16715678-1C9E-40AB-93D1-05B1C94D96ED}.Release|Any CPU.ActiveCfg = Release|Any CPU
		{16715678-1C9E-40AB-93D1-05B1C94D96ED}.Release|Any CPU.Build.0 = Release|Any CPU
		{16715678-1C9E-40AB-93D1-05B1C94D96ED}.Release|Mixed Platforms.ActiveCfg = Release|Any CPU
		{16715678-1C9E-40AB-93D1-05B1C94D96ED}.Release|Mixed Platforms.Build.0 = Release|Any CPU
		{16715678-1C9E-40AB-93D1-05B1C94D96ED}.Release|x86.ActiveCfg = Release|Any CPU
		{16715678-1C9E-40AB-93D1-05B1C94D96ED}.WillieLocal|Any CPU.ActiveCfg = Release|Any CPU
		{16715678-1C9E-40AB-93D1-05B1C94D96ED}.WillieLocal|Any CPU.Build.0 = Release|Any CPU
		{16715678-1C9E-40AB-93D1-05B1C94D96ED}.WillieLocal|Mixed Platforms.ActiveCfg = Release|Any CPU
		{16715678-1C9E-40AB-93D1-05B1C94D96ED}.WillieLocal|Mixed Platforms.Build.0 = Release|Any CPU
		{16715678-1C9E-40AB-93D1-05B1C94D96ED}.WillieLocal|x86.ActiveCfg = Release|Any CPU
		{6C239081-6B3C-494F-8F85-FF540818D1D7}.Debug|Any CPU.ActiveCfg = Debug|Any CPU
		{6C239081-6B3C-494F-8F85-FF540818D1D7}.Debug|Any CPU.Build.0 = Debug|Any CPU
		{6C239081-6B3C-494F-8F85-FF540818D1D7}.Debug|Mixed Platforms.ActiveCfg = Debug|Any CPU
		{6C239081-6B3C-494F-8F85-FF540818D1D7}.Debug|Mixed Platforms.Build.0 = Debug|Any CPU
		{6C239081-6B3C-494F-8F85-FF540818D1D7}.Debug|x86.ActiveCfg = Debug|Any CPU
		{6C239081-6B3C-494F-8F85-FF540818D1D7}.Release|Any CPU.ActiveCfg = Release|Any CPU
		{6C239081-6B3C-494F-8F85-FF540818D1D7}.Release|Any CPU.Build.0 = Release|Any CPU
		{6C239081-6B3C-494F-8F85-FF540818D1D7}.Release|Mixed Platforms.ActiveCfg = Release|Any CPU
		{6C239081-6B3C-494F-8F85-FF540818D1D7}.Release|Mixed Platforms.Build.0 = Release|Any CPU
		{6C239081-6B3C-494F-8F85-FF540818D1D7}.Release|x86.ActiveCfg = Release|Any CPU
		{6C239081-6B3C-494F-8F85-FF540818D1D7}.WillieLocal|Any CPU.ActiveCfg = Release|Any CPU
		{6C239081-6B3C-494F-8F85-FF540818D1D7}.WillieLocal|Any CPU.Build.0 = Release|Any CPU
		{6C239081-6B3C-494F-8F85-FF540818D1D7}.WillieLocal|Mixed Platforms.ActiveCfg = Release|Any CPU
		{6C239081-6B3C-494F-8F85-FF540818D1D7}.WillieLocal|Mixed Platforms.Build.0 = Release|Any CPU
		{6C239081-6B3C-494F-8F85-FF540818D1D7}.WillieLocal|x86.ActiveCfg = Release|Any CPU
		{365C2765-3BC4-462D-96C3-6C175E0CCB16}.Debug|Any CPU.ActiveCfg = Debug|Any CPU
		{365C2765-3BC4-462D-96C3-6C175E0CCB16}.Debug|Any CPU.Build.0 = Debug|Any CPU
		{365C2765-3BC4-462D-96C3-6C175E0CCB16}.Debug|Mixed Platforms.ActiveCfg = Debug|Any CPU
		{365C2765-3BC4-462D-96C3-6C175E0CCB16}.Debug|Mixed Platforms.Build.0 = Debug|Any CPU
		{365C2765-3BC4-462D-96C3-6C175E0CCB16}.Debug|x86.ActiveCfg = Debug|Any CPU
		{365C2765-3BC4-462D-96C3-6C175E0CCB16}.Release|Any CPU.ActiveCfg = Release|Any CPU
		{365C2765-3BC4-462D-96C3-6C175E0CCB16}.Release|Any CPU.Build.0 = Release|Any CPU
		{365C2765-3BC4-462D-96C3-6C175E0CCB16}.Release|Mixed Platforms.ActiveCfg = Release|Any CPU
		{365C2765-3BC4-462D-96C3-6C175E0CCB16}.Release|Mixed Platforms.Build.0 = Release|Any CPU
		{365C2765-3BC4-462D-96C3-6C175E0CCB16}.Release|x86.ActiveCfg = Release|Any CPU
		{365C2765-3BC4-462D-96C3-6C175E0CCB16}.WillieLocal|Any CPU.ActiveCfg = Release|Any CPU
		{365C2765-3BC4-462D-96C3-6C175E0CCB16}.WillieLocal|Any CPU.Build.0 = Release|Any CPU
		{365C2765-3BC4-462D-96C3-6C175E0CCB16}.WillieLocal|Mixed Platforms.ActiveCfg = Release|Any CPU
		{365C2765-3BC4-462D-96C3-6C175E0CCB16}.WillieLocal|Mixed Platforms.Build.0 = Release|Any CPU
		{365C2765-3BC4-462D-96C3-6C175E0CCB16}.WillieLocal|x86.ActiveCfg = Release|Any CPU
		{405890C4-DABC-4383-B51C-80EBD38A31B0}.Debug|Any CPU.ActiveCfg = Debug|x86
		{405890C4-DABC-4383-B51C-80EBD38A31B0}.Debug|Mixed Platforms.ActiveCfg = Debug|x86
		{405890C4-DABC-4383-B51C-80EBD38A31B0}.Debug|Mixed Platforms.Build.0 = Debug|x86
		{405890C4-DABC-4383-B51C-80EBD38A31B0}.Debug|x86.ActiveCfg = Debug|x86
		{405890C4-DABC-4383-B51C-80EBD38A31B0}.Debug|x86.Build.0 = Debug|x86
		{405890C4-DABC-4383-B51C-80EBD38A31B0}.Release|Any CPU.ActiveCfg = Release|x86
		{405890C4-DABC-4383-B51C-80EBD38A31B0}.Release|Mixed Platforms.ActiveCfg = Release|x86
		{405890C4-DABC-4383-B51C-80EBD38A31B0}.Release|Mixed Platforms.Build.0 = Release|x86
		{405890C4-DABC-4383-B51C-80EBD38A31B0}.Release|x86.ActiveCfg = Release|x86
		{405890C4-DABC-4383-B51C-80EBD38A31B0}.Release|x86.Build.0 = Release|x86
		{405890C4-DABC-4383-B51C-80EBD38A31B0}.WillieLocal|Any CPU.ActiveCfg = Release|x86
		{405890C4-DABC-4383-B51C-80EBD38A31B0}.WillieLocal|Mixed Platforms.ActiveCfg = Release|x86
		{405890C4-DABC-4383-B51C-80EBD38A31B0}.WillieLocal|Mixed Platforms.Build.0 = Release|x86
		{405890C4-DABC-4383-B51C-80EBD38A31B0}.WillieLocal|x86.ActiveCfg = Release|x86
		{405890C4-DABC-4383-B51C-80EBD38A31B0}.WillieLocal|x86.Build.0 = Release|x86
		{61CE36FF-812A-4380-BD99-83BD754FF2BF}.Debug|Any CPU.ActiveCfg = Debug|Any CPU
		{61CE36FF-812A-4380-BD99-83BD754FF2BF}.Debug|Any CPU.Build.0 = Debug|Any CPU
		{61CE36FF-812A-4380-BD99-83BD754FF2BF}.Debug|Mixed Platforms.ActiveCfg = Debug|Any CPU
		{61CE36FF-812A-4380-BD99-83BD754FF2BF}.Debug|Mixed Platforms.Build.0 = Debug|Any CPU
		{61CE36FF-812A-4380-BD99-83BD754FF2BF}.Debug|x86.ActiveCfg = Debug|Any CPU
		{61CE36FF-812A-4380-BD99-83BD754FF2BF}.Release|Any CPU.ActiveCfg = Release|Any CPU
		{61CE36FF-812A-4380-BD99-83BD754FF2BF}.Release|Any CPU.Build.0 = Release|Any CPU
		{61CE36FF-812A-4380-BD99-83BD754FF2BF}.Release|Mixed Platforms.ActiveCfg = Release|Any CPU
		{61CE36FF-812A-4380-BD99-83BD754FF2BF}.Release|Mixed Platforms.Build.0 = Release|Any CPU
		{61CE36FF-812A-4380-BD99-83BD754FF2BF}.Release|x86.ActiveCfg = Release|Any CPU
		{61CE36FF-812A-4380-BD99-83BD754FF2BF}.WillieLocal|Any CPU.ActiveCfg = Release|Any CPU
		{61CE36FF-812A-4380-BD99-83BD754FF2BF}.WillieLocal|Any CPU.Build.0 = Release|Any CPU
		{61CE36FF-812A-4380-BD99-83BD754FF2BF}.WillieLocal|Mixed Platforms.ActiveCfg = Release|Any CPU
		{61CE36FF-812A-4380-BD99-83BD754FF2BF}.WillieLocal|Mixed Platforms.Build.0 = Release|Any CPU
		{61CE36FF-812A-4380-BD99-83BD754FF2BF}.WillieLocal|x86.ActiveCfg = Release|Any CPU
		{1D0F5D52-38CE-4F4D-A868-1BA026FEB01B}.Debug|Any CPU.ActiveCfg = Debug|x86
		{1D0F5D52-38CE-4F4D-A868-1BA026FEB01B}.Debug|Mixed Platforms.ActiveCfg = Debug|x86
		{1D0F5D52-38CE-4F4D-A868-1BA026FEB01B}.Debug|Mixed Platforms.Build.0 = Debug|x86
		{1D0F5D52-38CE-4F4D-A868-1BA026FEB01B}.Debug|x86.ActiveCfg = Debug|x86
		{1D0F5D52-38CE-4F4D-A868-1BA026FEB01B}.Debug|x86.Build.0 = Debug|x86
		{1D0F5D52-38CE-4F4D-A868-1BA026FEB01B}.Release|Any CPU.ActiveCfg = Release|x86
		{1D0F5D52-38CE-4F4D-A868-1BA026FEB01B}.Release|Mixed Platforms.ActiveCfg = Release|x86
		{1D0F5D52-38CE-4F4D-A868-1BA026FEB01B}.Release|Mixed Platforms.Build.0 = Release|x86
		{1D0F5D52-38CE-4F4D-A868-1BA026FEB01B}.Release|x86.ActiveCfg = Release|x86
		{1D0F5D52-38CE-4F4D-A868-1BA026FEB01B}.Release|x86.Build.0 = Release|x86
		{1D0F5D52-38CE-4F4D-A868-1BA026FEB01B}.WillieLocal|Any CPU.ActiveCfg = Release|x86
		{1D0F5D52-38CE-4F4D-A868-1BA026FEB01B}.WillieLocal|Mixed Platforms.ActiveCfg = Release|x86
		{1D0F5D52-38CE-4F4D-A868-1BA026FEB01B}.WillieLocal|Mixed Platforms.Build.0 = Release|x86
		{1D0F5D52-38CE-4F4D-A868-1BA026FEB01B}.WillieLocal|x86.ActiveCfg = Release|x86
		{1D0F5D52-38CE-4F4D-A868-1BA026FEB01B}.WillieLocal|x86.Build.0 = Release|x86
		{6161ABA8-882C-4D6C-A481-B65A50BE50A5}.Debug|Any CPU.ActiveCfg = Debug|Any CPU
		{6161ABA8-882C-4D6C-A481-B65A50BE50A5}.Debug|Any CPU.Build.0 = Debug|Any CPU
		{6161ABA8-882C-4D6C-A481-B65A50BE50A5}.Debug|Mixed Platforms.ActiveCfg = Debug|Any CPU
		{6161ABA8-882C-4D6C-A481-B65A50BE50A5}.Debug|x86.ActiveCfg = Debug|Any CPU
		{6161ABA8-882C-4D6C-A481-B65A50BE50A5}.Release|Any CPU.ActiveCfg = Release|Any CPU
		{6161ABA8-882C-4D6C-A481-B65A50BE50A5}.Release|Any CPU.Build.0 = Release|Any CPU
		{6161ABA8-882C-4D6C-A481-B65A50BE50A5}.Release|Mixed Platforms.ActiveCfg = Release|Any CPU
		{6161ABA8-882C-4D6C-A481-B65A50BE50A5}.Release|x86.ActiveCfg = Release|Any CPU
		{6161ABA8-882C-4D6C-A481-B65A50BE50A5}.WillieLocal|Any CPU.ActiveCfg = Release|Any CPU
		{6161ABA8-882C-4D6C-A481-B65A50BE50A5}.WillieLocal|Any CPU.Build.0 = Release|Any CPU
		{6161ABA8-882C-4D6C-A481-B65A50BE50A5}.WillieLocal|Mixed Platforms.ActiveCfg = Release|Any CPU
		{6161ABA8-882C-4D6C-A481-B65A50BE50A5}.WillieLocal|Mixed Platforms.Build.0 = Release|Any CPU
		{6161ABA8-882C-4D6C-A481-B65A50BE50A5}.WillieLocal|x86.ActiveCfg = Release|Any CPU
		{80CB0A6F-2587-4DD8-9249-99366FD1D78D}.Debug|Any CPU.ActiveCfg = Debug|Any CPU
		{80CB0A6F-2587-4DD8-9249-99366FD1D78D}.Debug|Any CPU.Build.0 = Debug|Any CPU
		{80CB0A6F-2587-4DD8-9249-99366FD1D78D}.Debug|Mixed Platforms.ActiveCfg = Debug|Any CPU
		{80CB0A6F-2587-4DD8-9249-99366FD1D78D}.Debug|Mixed Platforms.Build.0 = Debug|Any CPU
		{80CB0A6F-2587-4DD8-9249-99366FD1D78D}.Debug|x86.ActiveCfg = Debug|Any CPU
		{80CB0A6F-2587-4DD8-9249-99366FD1D78D}.Release|Any CPU.ActiveCfg = Release|Any CPU
		{80CB0A6F-2587-4DD8-9249-99366FD1D78D}.Release|Any CPU.Build.0 = Release|Any CPU
		{80CB0A6F-2587-4DD8-9249-99366FD1D78D}.Release|Mixed Platforms.ActiveCfg = Release|Any CPU
		{80CB0A6F-2587-4DD8-9249-99366FD1D78D}.Release|Mixed Platforms.Build.0 = Release|Any CPU
		{80CB0A6F-2587-4DD8-9249-99366FD1D78D}.Release|x86.ActiveCfg = Release|Any CPU
		{80CB0A6F-2587-4DD8-9249-99366FD1D78D}.WillieLocal|Any CPU.ActiveCfg = Release|Any CPU
		{80CB0A6F-2587-4DD8-9249-99366FD1D78D}.WillieLocal|Any CPU.Build.0 = Release|Any CPU
		{80CB0A6F-2587-4DD8-9249-99366FD1D78D}.WillieLocal|Mixed Platforms.ActiveCfg = Release|Any CPU
		{80CB0A6F-2587-4DD8-9249-99366FD1D78D}.WillieLocal|Mixed Platforms.Build.0 = Release|Any CPU
		{80CB0A6F-2587-4DD8-9249-99366FD1D78D}.WillieLocal|x86.ActiveCfg = Release|Any CPU
		{DDF710F9-D33A-4990-AF3A-0016FC3A4463}.Debug|Any CPU.ActiveCfg = Debug|Any CPU
		{DDF710F9-D33A-4990-AF3A-0016FC3A4463}.Debug|Any CPU.Build.0 = Debug|Any CPU
		{DDF710F9-D33A-4990-AF3A-0016FC3A4463}.Debug|Mixed Platforms.ActiveCfg = Debug|Any CPU
		{DDF710F9-D33A-4990-AF3A-0016FC3A4463}.Debug|Mixed Platforms.Build.0 = Debug|Any CPU
		{DDF710F9-D33A-4990-AF3A-0016FC3A4463}.Debug|x86.ActiveCfg = Debug|Any CPU
		{DDF710F9-D33A-4990-AF3A-0016FC3A4463}.Release|Any CPU.ActiveCfg = Release|Any CPU
		{DDF710F9-D33A-4990-AF3A-0016FC3A4463}.Release|Any CPU.Build.0 = Release|Any CPU
		{DDF710F9-D33A-4990-AF3A-0016FC3A4463}.Release|Mixed Platforms.ActiveCfg = Release|Any CPU
		{DDF710F9-D33A-4990-AF3A-0016FC3A4463}.Release|Mixed Platforms.Build.0 = Release|Any CPU
		{DDF710F9-D33A-4990-AF3A-0016FC3A4463}.Release|x86.ActiveCfg = Release|Any CPU
		{DDF710F9-D33A-4990-AF3A-0016FC3A4463}.WillieLocal|Any CPU.ActiveCfg = Release|Any CPU
		{DDF710F9-D33A-4990-AF3A-0016FC3A4463}.WillieLocal|Any CPU.Build.0 = Release|Any CPU
		{DDF710F9-D33A-4990-AF3A-0016FC3A4463}.WillieLocal|Mixed Platforms.ActiveCfg = Release|Any CPU
		{DDF710F9-D33A-4990-AF3A-0016FC3A4463}.WillieLocal|Mixed Platforms.Build.0 = Release|Any CPU
		{DDF710F9-D33A-4990-AF3A-0016FC3A4463}.WillieLocal|x86.ActiveCfg = Release|Any CPU
		{CDDF67F7-E407-4F73-A723-F5AC32C6C60E}.Debug|Any CPU.ActiveCfg = Debug|Any CPU
		{CDDF67F7-E407-4F73-A723-F5AC32C6C60E}.Debug|Any CPU.Build.0 = Debug|Any CPU
		{CDDF67F7-E407-4F73-A723-F5AC32C6C60E}.Debug|Mixed Platforms.ActiveCfg = Debug|Any CPU
		{CDDF67F7-E407-4F73-A723-F5AC32C6C60E}.Debug|Mixed Platforms.Build.0 = Debug|Any CPU
		{CDDF67F7-E407-4F73-A723-F5AC32C6C60E}.Debug|x86.ActiveCfg = Debug|Any CPU
		{CDDF67F7-E407-4F73-A723-F5AC32C6C60E}.Release|Any CPU.ActiveCfg = Release|Any CPU
		{CDDF67F7-E407-4F73-A723-F5AC32C6C60E}.Release|Any CPU.Build.0 = Release|Any CPU
		{CDDF67F7-E407-4F73-A723-F5AC32C6C60E}.Release|Mixed Platforms.ActiveCfg = Release|Any CPU
		{CDDF67F7-E407-4F73-A723-F5AC32C6C60E}.Release|Mixed Platforms.Build.0 = Release|Any CPU
		{CDDF67F7-E407-4F73-A723-F5AC32C6C60E}.Release|x86.ActiveCfg = Release|Any CPU
		{CDDF67F7-E407-4F73-A723-F5AC32C6C60E}.WillieLocal|Any CPU.ActiveCfg = Release|Any CPU
		{CDDF67F7-E407-4F73-A723-F5AC32C6C60E}.WillieLocal|Any CPU.Build.0 = Release|Any CPU
		{CDDF67F7-E407-4F73-A723-F5AC32C6C60E}.WillieLocal|Mixed Platforms.ActiveCfg = Release|Any CPU
		{CDDF67F7-E407-4F73-A723-F5AC32C6C60E}.WillieLocal|Mixed Platforms.Build.0 = Release|Any CPU
		{CDDF67F7-E407-4F73-A723-F5AC32C6C60E}.WillieLocal|x86.ActiveCfg = Release|Any CPU
		{1D70DD28-DD09-4948-A9E5-6E38BE80E4E2}.Debug|Any CPU.ActiveCfg = Debug|Any CPU
		{1D70DD28-DD09-4948-A9E5-6E38BE80E4E2}.Debug|Any CPU.Build.0 = Debug|Any CPU
		{1D70DD28-DD09-4948-A9E5-6E38BE80E4E2}.Debug|Mixed Platforms.ActiveCfg = Debug|Any CPU
		{1D70DD28-DD09-4948-A9E5-6E38BE80E4E2}.Debug|Mixed Platforms.Build.0 = Debug|Any CPU
		{1D70DD28-DD09-4948-A9E5-6E38BE80E4E2}.Debug|x86.ActiveCfg = Debug|Any CPU
		{1D70DD28-DD09-4948-A9E5-6E38BE80E4E2}.Release|Any CPU.ActiveCfg = Release|Any CPU
		{1D70DD28-DD09-4948-A9E5-6E38BE80E4E2}.Release|Any CPU.Build.0 = Release|Any CPU
		{1D70DD28-DD09-4948-A9E5-6E38BE80E4E2}.Release|Mixed Platforms.ActiveCfg = Release|Any CPU
		{1D70DD28-DD09-4948-A9E5-6E38BE80E4E2}.Release|Mixed Platforms.Build.0 = Release|Any CPU
		{1D70DD28-DD09-4948-A9E5-6E38BE80E4E2}.Release|x86.ActiveCfg = Release|Any CPU
		{1D70DD28-DD09-4948-A9E5-6E38BE80E4E2}.WillieLocal|Any CPU.ActiveCfg = Release|Any CPU
		{1D70DD28-DD09-4948-A9E5-6E38BE80E4E2}.WillieLocal|Any CPU.Build.0 = Release|Any CPU
		{1D70DD28-DD09-4948-A9E5-6E38BE80E4E2}.WillieLocal|Mixed Platforms.ActiveCfg = Release|Any CPU
		{1D70DD28-DD09-4948-A9E5-6E38BE80E4E2}.WillieLocal|Mixed Platforms.Build.0 = Release|Any CPU
		{1D70DD28-DD09-4948-A9E5-6E38BE80E4E2}.WillieLocal|x86.ActiveCfg = Release|Any CPU
		{2C978C8A-B3C6-45B5-B298-58D3513978E3}.Debug|Any CPU.ActiveCfg = Debug|Any CPU
		{2C978C8A-B3C6-45B5-B298-58D3513978E3}.Debug|Any CPU.Build.0 = Debug|Any CPU
		{2C978C8A-B3C6-45B5-B298-58D3513978E3}.Debug|Mixed Platforms.ActiveCfg = Debug|Any CPU
		{2C978C8A-B3C6-45B5-B298-58D3513978E3}.Debug|Mixed Platforms.Build.0 = Debug|Any CPU
		{2C978C8A-B3C6-45B5-B298-58D3513978E3}.Debug|x86.ActiveCfg = Debug|Any CPU
		{2C978C8A-B3C6-45B5-B298-58D3513978E3}.Release|Any CPU.ActiveCfg = Release|Any CPU
		{2C978C8A-B3C6-45B5-B298-58D3513978E3}.Release|Any CPU.Build.0 = Release|Any CPU
		{2C978C8A-B3C6-45B5-B298-58D3513978E3}.Release|Mixed Platforms.ActiveCfg = Release|Any CPU
		{2C978C8A-B3C6-45B5-B298-58D3513978E3}.Release|Mixed Platforms.Build.0 = Release|Any CPU
		{2C978C8A-B3C6-45B5-B298-58D3513978E3}.Release|x86.ActiveCfg = Release|Any CPU
		{2C978C8A-B3C6-45B5-B298-58D3513978E3}.WillieLocal|Any CPU.ActiveCfg = Release|Any CPU
		{2C978C8A-B3C6-45B5-B298-58D3513978E3}.WillieLocal|Any CPU.Build.0 = Release|Any CPU
		{2C978C8A-B3C6-45B5-B298-58D3513978E3}.WillieLocal|Mixed Platforms.ActiveCfg = Release|Any CPU
		{2C978C8A-B3C6-45B5-B298-58D3513978E3}.WillieLocal|Mixed Platforms.Build.0 = Release|Any CPU
		{2C978C8A-B3C6-45B5-B298-58D3513978E3}.WillieLocal|x86.ActiveCfg = Release|Any CPU
		{3B0BB78E-FA20-4277-B511-CB9BB1305E5C}.Debug|Any CPU.ActiveCfg = Debug|Any CPU
		{3B0BB78E-FA20-4277-B511-CB9BB1305E5C}.Debug|Any CPU.Build.0 = Debug|Any CPU
		{3B0BB78E-FA20-4277-B511-CB9BB1305E5C}.Debug|Mixed Platforms.ActiveCfg = Debug|Any CPU
		{3B0BB78E-FA20-4277-B511-CB9BB1305E5C}.Debug|Mixed Platforms.Build.0 = Debug|Any CPU
		{3B0BB78E-FA20-4277-B511-CB9BB1305E5C}.Debug|x86.ActiveCfg = Debug|Any CPU
		{3B0BB78E-FA20-4277-B511-CB9BB1305E5C}.Release|Any CPU.ActiveCfg = Release|Any CPU
		{3B0BB78E-FA20-4277-B511-CB9BB1305E5C}.Release|Any CPU.Build.0 = Release|Any CPU
		{3B0BB78E-FA20-4277-B511-CB9BB1305E5C}.Release|Mixed Platforms.ActiveCfg = Release|Any CPU
		{3B0BB78E-FA20-4277-B511-CB9BB1305E5C}.Release|Mixed Platforms.Build.0 = Release|Any CPU
		{3B0BB78E-FA20-4277-B511-CB9BB1305E5C}.Release|x86.ActiveCfg = Release|Any CPU
		{3B0BB78E-FA20-4277-B511-CB9BB1305E5C}.WillieLocal|Any CPU.ActiveCfg = Release|Any CPU
		{3B0BB78E-FA20-4277-B511-CB9BB1305E5C}.WillieLocal|Any CPU.Build.0 = Release|Any CPU
		{3B0BB78E-FA20-4277-B511-CB9BB1305E5C}.WillieLocal|Mixed Platforms.ActiveCfg = Release|Any CPU
		{3B0BB78E-FA20-4277-B511-CB9BB1305E5C}.WillieLocal|Mixed Platforms.Build.0 = Release|Any CPU
		{3B0BB78E-FA20-4277-B511-CB9BB1305E5C}.WillieLocal|x86.ActiveCfg = Release|Any CPU
		{77E29B4F-36DF-4821-8F69-9A64033836EF}.Debug|Any CPU.ActiveCfg = Debug|Any CPU
		{77E29B4F-36DF-4821-8F69-9A64033836EF}.Debug|Any CPU.Build.0 = Debug|Any CPU
		{77E29B4F-36DF-4821-8F69-9A64033836EF}.Debug|Mixed Platforms.ActiveCfg = Debug|Any CPU
		{77E29B4F-36DF-4821-8F69-9A64033836EF}.Debug|Mixed Platforms.Build.0 = Debug|Any CPU
		{77E29B4F-36DF-4821-8F69-9A64033836EF}.Debug|x86.ActiveCfg = Debug|Any CPU
		{77E29B4F-36DF-4821-8F69-9A64033836EF}.Release|Any CPU.ActiveCfg = Release|Any CPU
		{77E29B4F-36DF-4821-8F69-9A64033836EF}.Release|Any CPU.Build.0 = Release|Any CPU
		{77E29B4F-36DF-4821-8F69-9A64033836EF}.Release|Mixed Platforms.ActiveCfg = Release|Any CPU
		{77E29B4F-36DF-4821-8F69-9A64033836EF}.Release|Mixed Platforms.Build.0 = Release|Any CPU
		{77E29B4F-36DF-4821-8F69-9A64033836EF}.Release|x86.ActiveCfg = Release|Any CPU
		{77E29B4F-36DF-4821-8F69-9A64033836EF}.WillieLocal|Any CPU.ActiveCfg = Release|Any CPU
		{77E29B4F-36DF-4821-8F69-9A64033836EF}.WillieLocal|Any CPU.Build.0 = Release|Any CPU
		{77E29B4F-36DF-4821-8F69-9A64033836EF}.WillieLocal|Mixed Platforms.ActiveCfg = Release|Any CPU
		{77E29B4F-36DF-4821-8F69-9A64033836EF}.WillieLocal|Mixed Platforms.Build.0 = Release|Any CPU
		{77E29B4F-36DF-4821-8F69-9A64033836EF}.WillieLocal|x86.ActiveCfg = Release|Any CPU
	EndGlobalSection
	GlobalSection(SolutionProperties) = preSolution
		HideSolutionNode = FALSE
	EndGlobalSection
	GlobalSection(NestedProjects) = preSolution
		{BB4C49E2-BD7C-4556-91C4-D3575433A8DB} = {D84BC3EC-4C34-4B0F-AA7C-4F51D7E68A54}
		{1DFD5C01-71C0-41D9-82E4-CABA22331835} = {D84BC3EC-4C34-4B0F-AA7C-4F51D7E68A54}
		{587EC4FC-FD50-43FC-BD28-DF5330C07341} = {D84BC3EC-4C34-4B0F-AA7C-4F51D7E68A54}
		{120619C6-9B27-4C84-8190-71B900814D68} = {D84BC3EC-4C34-4B0F-AA7C-4F51D7E68A54}
		{5550C3F7-0A36-4275-BAFA-2BEDD60ABFF6} = {D84BC3EC-4C34-4B0F-AA7C-4F51D7E68A54}
		{10E7906A-A5FF-4E9A-A820-854D5582DC21} = {D84BC3EC-4C34-4B0F-AA7C-4F51D7E68A54}
		{16715678-1C9E-40AB-93D1-05B1C94D96ED} = {D84BC3EC-4C34-4B0F-AA7C-4F51D7E68A54}
		{6C239081-6B3C-494F-8F85-FF540818D1D7} = {D84BC3EC-4C34-4B0F-AA7C-4F51D7E68A54}
		{365C2765-3BC4-462D-96C3-6C175E0CCB16} = {D84BC3EC-4C34-4B0F-AA7C-4F51D7E68A54}
		{405890C4-DABC-4383-B51C-80EBD38A31B0} = {D84BC3EC-4C34-4B0F-AA7C-4F51D7E68A54}
		{61CE36FF-812A-4380-BD99-83BD754FF2BF} = {D84BC3EC-4C34-4B0F-AA7C-4F51D7E68A54}
		{1D0F5D52-38CE-4F4D-A868-1BA026FEB01B} = {D84BC3EC-4C34-4B0F-AA7C-4F51D7E68A54}
		{6161ABA8-882C-4D6C-A481-B65A50BE50A5} = {D84BC3EC-4C34-4B0F-AA7C-4F51D7E68A54}
		{3B0BB78E-FA20-4277-B511-CB9BB1305E5C} = {D84BC3EC-4C34-4B0F-AA7C-4F51D7E68A54}
		{77E29B4F-36DF-4821-8F69-9A64033836EF} = {D84BC3EC-4C34-4B0F-AA7C-4F51D7E68A54}
		{80CB0A6F-2587-4DD8-9249-99366FD1D78D} = {63360C57-B00F-4201-96C9-DBFFC5EC323E}
		{DDF710F9-D33A-4990-AF3A-0016FC3A4463} = {63360C57-B00F-4201-96C9-DBFFC5EC323E}
		{CDDF67F7-E407-4F73-A723-F5AC32C6C60E} = {63360C57-B00F-4201-96C9-DBFFC5EC323E}
		{1D70DD28-DD09-4948-A9E5-6E38BE80E4E2} = {63360C57-B00F-4201-96C9-DBFFC5EC323E}
		{2C978C8A-B3C6-45B5-B298-58D3513978E3} = {63360C57-B00F-4201-96C9-DBFFC5EC323E}
	EndGlobalSection
EndGlobal
