
Microsoft Visual Studio Solution File, Format Version 12.00
# Visual Studio 2013
VisualStudioVersion = 12.0.40629.0
MinimumVisualStudioVersion = 10.0.40219.1
Project("{FAE04EC0-301F-11D3-BF4B-00C04F79EFBC}") = "OpenAPI", "OpenAPI\OpenAPI.csproj", "{0B3050DF-B28B-4D4F-984A-8518E110327D}"
EndProject
Project("{FAE04EC0-301F-11D3-BF4B-00C04F79EFBC}") = "OpenAPITest", "OpenAPITest\OpenAPITest.csproj", "{7CB98024-34ED-4E61-B4ED-0D6788B66E49}"
EndProject
Project("{FAE04EC0-301F-11D3-BF4B-00C04F79EFBC}") = "RedisOpenAPIClient", "RedisOpenAPI\RedisOpenAPIClient.csproj", "{2D8D64D2-29CF-4110-9AD2-72852F7BA1F1}"
EndProject
Global
	GlobalSection(SolutionConfigurationPlatforms) = preSolution
		Debug|Any CPU = Debug|Any CPU
		Release|Any CPU = Release|Any CPU
	EndGlobalSection
	GlobalSection(ProjectConfigurationPlatforms) = postSolution
		{0B3050DF-B28B-4D4F-984A-8518E110327D}.Debug|Any CPU.ActiveCfg = Debug|Any CPU
		{0B3050DF-B28B-4D4F-984A-8518E110327D}.Debug|Any CPU.Build.0 = Debug|Any CPU
		{0B3050DF-B28B-4D4F-984A-8518E110327D}.Release|Any CPU.ActiveCfg = Release|Any CPU
		{0B3050DF-B28B-4D4F-984A-8518E110327D}.Release|Any CPU.Build.0 = Release|Any CPU
		{7CB98024-34ED-4E61-B4ED-0D6788B66E49}.Debug|Any CPU.ActiveCfg = Debug|Any CPU
		{7CB98024-34ED-4E61-B4ED-0D6788B66E49}.Debug|Any CPU.Build.0 = Debug|Any CPU
		{7CB98024-34ED-4E61-B4ED-0D6788B66E49}.Release|Any CPU.ActiveCfg = Release|Any CPU
		{7CB98024-34ED-4E61-B4ED-0D6788B66E49}.Release|Any CPU.Build.0 = Release|Any CPU
		{2D8D64D2-29CF-4110-9AD2-72852F7BA1F1}.Debug|Any CPU.ActiveCfg = Debug|Any CPU
		{2D8D64D2-29CF-4110-9AD2-72852F7BA1F1}.Debug|Any CPU.Build.0 = Debug|Any CPU
		{2D8D64D2-29CF-4110-9AD2-72852F7BA1F1}.Release|Any CPU.ActiveCfg = Release|Any CPU
		{2D8D64D2-29CF-4110-9AD2-72852F7BA1F1}.Release|Any CPU.Build.0 = Release|Any CPU
	EndGlobalSection
	GlobalSection(SolutionProperties) = preSolution
		HideSolutionNode = FALSE
	EndGlobalSection
EndGlobal
